
Microsoft Visual Studio Solution File, Format Version 12.00
# Visual Studio Version 16
VisualStudioVersion = 16.0.32413.511
MinimumVisualStudioVersion = 10.0.40219.1
Project("{FAE04EC0-301F-11D3-BF4B-00C04F79EFBC}") = "lab12", "lab12.csproj", "{EE03DFA2-2362-4FF9-BDA2-62ACBA7AEB27}"
EndProject
Global
	GlobalSection(SolutionConfigurationPlatforms) = preSolution
		Debug|Any CPU = Debug|Any CPU
		Release|Any CPU = Release|Any CPU
	EndGlobalSection
	GlobalSection(ProjectConfigurationPlatforms) = postSolution
		{EE03DFA2-2362-4FF9-BDA2-62ACBA7AEB27}.Debug|Any CPU.ActiveCfg = Debug|Any CPU
		{EE03DFA2-2362-4FF9-BDA2-62ACBA7AEB27}.Debug|Any CPU.Build.0 = Debug|Any CPU
		{EE03DFA2-2362-4FF9-BDA2-62ACBA7AEB27}.Release|Any CPU.ActiveCfg = Release|Any CPU
		{EE03DFA2-2362-4FF9-BDA2-62ACBA7AEB27}.Release|Any CPU.Build.0 = Release|Any CPU
	EndGlobalSection
	GlobalSection(SolutionProperties) = preSolution
		HideSolutionNode = FALSE
	EndGlobalSection
	GlobalSection(ExtensibilityGlobals) = postSolution
		SolutionGuid = {67A5A734-AB1B-4E52-906E-9DA211D7F5E8}
	EndGlobalSection
EndGlobal
